<?xml version="1.0" encoding="utf-8"?>
<Project ToolsVersion="4.0" xmlns="http://schemas.microsoft.com/developer/msbuild/2003">
  <ItemGroup>
    <Filter Include="Source Files">
      <UniqueIdentifier>{4FC737F1-C7A5-4376-A066-2A32D752A2FF}</UniqueIdentifier>
      <Extensions>cpp;c;cc;cxx;c++;cppm;ixx;def;odl;idl;hpj;bat;asm;asmx</Extensions>
    </Filter>
    <Filter Include="Header Files">
      <UniqueIdentifier>{93995380-89BD-4b04-88EB-625FBE52EBFB}</UniqueIdentifier>
      <Extensions>h;hh;hpp;hxx;h++;hm;inl;inc;ipp;xsd</Extensions>
    </Filter>
    <Filter Include="Resource Files">
      <UniqueIdentifier>{67DA6AB6-F800-4c08-8B7A-83BB121AAD01}</UniqueIdentifier>
      <Extensions>rc;ico;cur;bmp;dlg;rc2;rct;bin;rgs;gif;jpg;jpeg;jpe;resx;tiff;tif;png;wav;mfcribbon-ms</Extensions>
    </Filter>
    <Filter Include="Source Files\math">
      <UniqueIdentifier>{8fcca9de-e711-494d-9892-0b7d4494af09}</UniqueIdentifier>
    </Filter>
    <Filter Include="Source Files\io">
      <UniqueIdentifier>{3a2c5269-0403-4bd3-bd29-45f34672daf4}</UniqueIdentifier>
    </Filter>
    <Filter Include="Source Files\core">
      <UniqueIdentifier>{00f09924-24d5-473e-9a44-cdcc8d3fd5d4}</UniqueIdentifier>
    </Filter>
  </ItemGroup>
  <ItemGroup>
    <ClCompile Include="src\application.cppm">
      <Filter>Source Files</Filter>
    </ClCompile>
    <ClCompile Include="src\main.cpp">
      <Filter>Source Files</Filter>
    </ClCompile>
    <ClCompile Include="src\math\math.cppm">
      <Filter>Source Files\math</Filter>
    </ClCompile>
    <ClCompile Include="src\math\math-matrix.cppm">
      <Filter>Source Files\math</Filter>
    </ClCompile>
    <ClCompile Include="src\math\math-vector.cppm">
      <Filter>Source Files\math</Filter>
    </ClCompile>
    <ClCompile Include="src\io\stream.cppm">
      <Filter>Source Files\io</Filter>
    </ClCompile>
    <ClCompile Include="src\io\stream-base.cppm">
      <Filter>Source Files\io</Filter>
    </ClCompile>
    <ClCompile Include="src\io\stream-file.cppm">
      <Filter>Source Files\io</Filter>
    </ClCompile>
    <ClCompile Include="src\io\stream-span.cppm">
      <Filter>Source Files\io</Filter>
    </ClCompile>
    <ClCompile Include="src\io\stream-gz.cppm">
      <Filter>Source Files\io</Filter>
    </ClCompile>
    <ClCompile Include="src\core\core-logger.cppm">
      <Filter>Source Files\core</Filter>
    </ClCompile>
    <ClCompile Include="src\core\core.cppm">
      <Filter>Source Files\core</Filter>
    </ClCompile>
    <ClCompile Include="src\io\io.cppm">
      <Filter>Source Files\io</Filter>
    </ClCompile>
    <ClCompile Include="src\io\vfs.cppm">
      <Filter>Source Files\io</Filter>
    </ClCompile>
    <ClCompile Include="std.ixx">
      <Filter>Source Files</Filter>
    </ClCompile>
    <ClCompile Include="std.compat.ixx">
      <Filter>Source Files</Filter>
    </ClCompile>
    <ClCompile Include="src\io\stream-memory.cppm">
      <Filter>Source Files\io</Filter>
    </ClCompile>
    <ClCompile Include="src\io\io-print.cppm">
      <Filter>Source Files\io</Filter>
    </ClCompile>
  </ItemGroup>
  <ItemGroup>
    <None Include="README.md" />
    <None Include="vcpkg.json" />
    <None Include=".editorconfig" />
    <None Include="vcpkg-configuration.json" />
  </ItemGroup>
</Project>